
Microsoft Visual Studio Solution File, Format Version 12.00
# Visual Studio Version 16
VisualStudioVersion = 16.0.31005.135
MinimumVisualStudioVersion = 10.0.40219.1
Project("{9A19103F-16F7-4668-BE54-9A1E7A4F7556}") = "Training.FunctionApp.HttpTrigger", "Training.FunctionApp.HttpTrigger\Training.FunctionApp.HttpTrigger.csproj", "{E0920FF1-2187-4843-A350-65A29569013D}"
EndProject
Project("{9A19103F-16F7-4668-BE54-9A1E7A4F7556}") = "Training.FunctionApp.EventGridTrigger", "Training.FunctionApp.EventGridTrigger\Training.FunctionApp.EventGridTrigger.csproj", "{D61771CE-1E03-4B0A-8781-454EA00808A9}"
EndProject
Project("{9A19103F-16F7-4668-BE54-9A1E7A4F7556}") = "Training.FunctionApp.TimerTrigger", "Training.FunctionApp.TimerTrigger\Training.FunctionApp.TimerTrigger.csproj", "{FA601627-CCC5-4A86-B24C-26871BF29DF8}"
EndProject
Project("{9A19103F-16F7-4668-BE54-9A1E7A4F7556}") = "Training.FunctionApp.SqlTrigger", "Training.FunctionApp.SqlTrigger\Training.FunctionApp.SqlTrigger.csproj", "{C3786126-F139-4496-9AC1-A1349CD376BF}"
EndProject
Global
	GlobalSection(SolutionConfigurationPlatforms) = preSolution
		Debug|Any CPU = Debug|Any CPU
		Release|Any CPU = Release|Any CPU
	EndGlobalSection
	GlobalSection(ProjectConfigurationPlatforms) = postSolution
		{E0920FF1-2187-4843-A350-65A29569013D}.Debug|Any CPU.ActiveCfg = Debug|Any CPU
		{E0920FF1-2187-4843-A350-65A29569013D}.Debug|Any CPU.Build.0 = Debug|Any CPU
		{E0920FF1-2187-4843-A350-65A29569013D}.Release|Any CPU.ActiveCfg = Release|Any CPU
		{E0920FF1-2187-4843-A350-65A29569013D}.Release|Any CPU.Build.0 = Release|Any CPU
		{D61771CE-1E03-4B0A-8781-454EA00808A9}.Debug|Any CPU.ActiveCfg = Debug|Any CPU
		{D61771CE-1E03-4B0A-8781-454EA00808A9}.Debug|Any CPU.Build.0 = Debug|Any CPU
		{D61771CE-1E03-4B0A-8781-454EA00808A9}.Release|Any CPU.ActiveCfg = Release|Any CPU
		{D61771CE-1E03-4B0A-8781-454EA00808A9}.Release|Any CPU.Build.0 = Release|Any CPU
		{FA601627-CCC5-4A86-B24C-26871BF29DF8}.Debug|Any CPU.ActiveCfg = Debug|Any CPU
		{FA601627-CCC5-4A86-B24C-26871BF29DF8}.Debug|Any CPU.Build.0 = Debug|Any CPU
		{FA601627-CCC5-4A86-B24C-26871BF29DF8}.Release|Any CPU.ActiveCfg = Release|Any CPU
		{FA601627-CCC5-4A86-B24C-26871BF29DF8}.Release|Any CPU.Build.0 = Release|Any CPU
		{C3786126-F139-4496-9AC1-A1349CD376BF}.Debug|Any CPU.ActiveCfg = Debug|Any CPU
		{C3786126-F139-4496-9AC1-A1349CD376BF}.Debug|Any CPU.Build.0 = Debug|Any CPU
		{C3786126-F139-4496-9AC1-A1349CD376BF}.Release|Any CPU.ActiveCfg = Release|Any CPU
		{C3786126-F139-4496-9AC1-A1349CD376BF}.Release|Any CPU.Build.0 = Release|Any CPU
	EndGlobalSection
	GlobalSection(SolutionProperties) = preSolution
		HideSolutionNode = FALSE
	EndGlobalSection
	GlobalSection(ExtensibilityGlobals) = postSolution
		SolutionGuid = {5A44E6C5-6435-4C58-9160-0FC519C8F787}
	EndGlobalSection
EndGlobal
